
Microsoft Visual Studio Solution File, Format Version 12.00
# Visual Studio Version 17
VisualStudioVersion = 17.0.31903.59
MinimumVisualStudioVersion = 10.0.40219.1
Project("{2150E333-8FDC-42A3-9474-1A3956D46DE8}") = "src", "src", "{FAB30A07-4440-4FC8-9EA3-82C5EE554EA7}"
EndProject
Project("{FAE04EC0-301F-11D3-BF4B-00C04F79EFBC}") = "csgo-stats.api", "src\api\csgo-stats.api.csproj", "{D1A7623C-2D53-41E9-B1A9-A7DF16EC987F}"
EndProject
Project("{FAE04EC0-301F-11D3-BF4B-00C04F79EFBC}") = "csgo-stats.domain", "src\domain\csgo-stats.domain.csproj", "{3CB3395D-9191-4BF5-8703-E2356BEB805D}"
EndProject
Project("{FAE04EC0-301F-11D3-BF4B-00C04F79EFBC}") = "csgo-stats.application", "src\application\csgo-stats.application.csproj", "{2A3EF3E2-CAD5-4487-853F-E1620EBD397E}"
EndProject
Global
	GlobalSection(SolutionConfigurationPlatforms) = preSolution
		Debug|Any CPU = Debug|Any CPU
		Release|Any CPU = Release|Any CPU
	EndGlobalSection
	GlobalSection(SolutionProperties) = preSolution
		HideSolutionNode = FALSE
	EndGlobalSection
	GlobalSection(ProjectConfigurationPlatforms) = postSolution
		{D1A7623C-2D53-41E9-B1A9-A7DF16EC987F}.Debug|Any CPU.ActiveCfg = Debug|Any CPU
		{D1A7623C-2D53-41E9-B1A9-A7DF16EC987F}.Debug|Any CPU.Build.0 = Debug|Any CPU
		{D1A7623C-2D53-41E9-B1A9-A7DF16EC987F}.Release|Any CPU.ActiveCfg = Release|Any CPU
		{D1A7623C-2D53-41E9-B1A9-A7DF16EC987F}.Release|Any CPU.Build.0 = Release|Any CPU
		{3CB3395D-9191-4BF5-8703-E2356BEB805D}.Debug|Any CPU.ActiveCfg = Debug|Any CPU
		{3CB3395D-9191-4BF5-8703-E2356BEB805D}.Debug|Any CPU.Build.0 = Debug|Any CPU
		{3CB3395D-9191-4BF5-8703-E2356BEB805D}.Release|Any CPU.ActiveCfg = Release|Any CPU
		{3CB3395D-9191-4BF5-8703-E2356BEB805D}.Release|Any CPU.Build.0 = Release|Any CPU
		{2A3EF3E2-CAD5-4487-853F-E1620EBD397E}.Debug|Any CPU.ActiveCfg = Debug|Any CPU
		{2A3EF3E2-CAD5-4487-853F-E1620EBD397E}.Debug|Any CPU.Build.0 = Debug|Any CPU
		{2A3EF3E2-CAD5-4487-853F-E1620EBD397E}.Release|Any CPU.ActiveCfg = Release|Any CPU
		{2A3EF3E2-CAD5-4487-853F-E1620EBD397E}.Release|Any CPU.Build.0 = Release|Any CPU
	EndGlobalSection
	GlobalSection(NestedProjects) = preSolution
		{D1A7623C-2D53-41E9-B1A9-A7DF16EC987F} = {FAB30A07-4440-4FC8-9EA3-82C5EE554EA7}
		{3CB3395D-9191-4BF5-8703-E2356BEB805D} = {FAB30A07-4440-4FC8-9EA3-82C5EE554EA7}
		{2A3EF3E2-CAD5-4487-853F-E1620EBD397E} = {FAB30A07-4440-4FC8-9EA3-82C5EE554EA7}
	EndGlobalSection
EndGlobal
